
Microsoft Visual Studio Solution File, Format Version 12.00
# Visual Studio Version 17
VisualStudioVersion = 17.4.33122.133
MinimumVisualStudioVersion = 10.0.40219.1
Project("{FAE04EC0-301F-11D3-BF4B-00C04F79EFBC}") = "Project5", "Project5.csproj", "{DAB3C415-017D-4575-836A-6EC49564276E}"
EndProject
Global
	GlobalSection(SolutionConfigurationPlatforms) = preSolution
		Debug|Any CPU = Debug|Any CPU
		Release|Any CPU = Release|Any CPU
	EndGlobalSection
	GlobalSection(ProjectConfigurationPlatforms) = postSolution
		{DAB3C415-017D-4575-836A-6EC49564276E}.Debug|Any CPU.ActiveCfg = Debug|Any CPU
		{DAB3C415-017D-4575-836A-6EC49564276E}.Debug|Any CPU.Build.0 = Debug|Any CPU
		{DAB3C415-017D-4575-836A-6EC49564276E}.Release|Any CPU.ActiveCfg = Release|Any CPU
		{DAB3C415-017D-4575-836A-6EC49564276E}.Release|Any CPU.Build.0 = Release|Any CPU
	EndGlobalSection
	GlobalSection(SolutionProperties) = preSolution
		HideSolutionNode = FALSE
	EndGlobalSection
	GlobalSection(ExtensibilityGlobals) = postSolution
		SolutionGuid = {66964B94-17D9-41BF-AD98-4126101340CE}
	EndGlobalSection
EndGlobal
